// !$*UTF8*$!
{
	archiveVersion = 1;
	classes = {
	};
	objectVersion = 56;
	objects = {

/* Begin PBXBuildFile section */
		CA411E6A2C22B5090070EFC7 /* AtmosWeatherApp.swift in Sources */ = {isa = PBXBuildFile; fileRef = CA411E692C22B5090070EFC7 /* AtmosWeatherApp.swift */; };
		CA411E6C2C22B5090070EFC7 /* ContentView.swift in Sources */ = {isa = PBXBuildFile; fileRef = CA411E6B2C22B5090070EFC7 /* ContentView.swift */; };
		CA411E6E2C22B50A0070EFC7 /* Assets.xcassets in Resources */ = {isa = PBXBuildFile; fileRef = CA411E6D2C22B50A0070EFC7 /* Assets.xcassets */; };
		CA411E712C22B50A0070EFC7 /* Preview Assets.xcassets in Resources */ = {isa = PBXBuildFile; fileRef = CA411E702C22B50A0070EFC7 /* Preview Assets.xcassets */; };
		CA411E792C22DC480070EFC7 /* Location.swift in Sources */ = {isa = PBXBuildFile; fileRef = CA411E782C22DC480070EFC7 /* Location.swift */; };
		CA411E7B2C22DCA80070EFC7 /* Weather.swift in Sources */ = {isa = PBXBuildFile; fileRef = CA411E7A2C22DCA80070EFC7 /* Weather.swift */; };
		CA411E7E2C22DD780070EFC7 /* APIEndpoint.swift in Sources */ = {isa = PBXBuildFile; fileRef = CA411E7D2C22DD780070EFC7 /* APIEndpoint.swift */; };
		CA411E812C22DE1E0070EFC7 /* Constants.swift in Sources */ = {isa = PBXBuildFile; fileRef = CA411E802C22DE1E0070EFC7 /* Constants.swift */; };
		CA411E832C22E0E60070EFC7 /* Geocoding Client.swift in Sources */ = {isa = PBXBuildFile; fileRef = CA411E822C22E0E60070EFC7 /* Geocoding Client.swift */; };
		CA411E852C22E3DA0070EFC7 /* KeyConstant.swift in Sources */ = {isa = PBXBuildFile; fileRef = CA411E842C22E3DA0070EFC7 /* KeyConstant.swift */; };
		CA411E872C22EBB30070EFC7 /* WeatherClient.swift in Sources */ = {isa = PBXBuildFile; fileRef = CA411E862C22EBB30070EFC7 /* WeatherClient.swift */; };
		CA411E8A2C22F0150070EFC7 /* MeasurmentFormatter + Extension.swift in Sources */ = {isa = PBXBuildFile; fileRef = CA411E892C22F0150070EFC7 /* MeasurmentFormatter + Extension.swift */; };
/* End PBXBuildFile section */

/* Begin PBXFileReference section */
		CA411E662C22B5090070EFC7 /* AtmosWeather.app */ = {isa = PBXFileReference; explicitFileType = wrapper.application; includeInIndex = 0; path = AtmosWeather.app; sourceTree = BUILT_PRODUCTS_DIR; };
		CA411E692C22B5090070EFC7 /* AtmosWeatherApp.swift */ = {isa = PBXFileReference; lastKnownFileType = sourcecode.swift; path = AtmosWeatherApp.swift; sourceTree = "<group>"; };
		CA411E6B2C22B5090070EFC7 /* ContentView.swift */ = {isa = PBXFileReference; lastKnownFileType = sourcecode.swift; path = ContentView.swift; sourceTree = "<group>"; };
		CA411E6D2C22B50A0070EFC7 /* Assets.xcassets */ = {isa = PBXFileReference; lastKnownFileType = folder.assetcatalog; path = Assets.xcassets; sourceTree = "<group>"; };
		CA411E702C22B50A0070EFC7 /* Preview Assets.xcassets */ = {isa = PBXFileReference; lastKnownFileType = folder.assetcatalog; path = "Preview Assets.xcassets"; sourceTree = "<group>"; };
		CA411E782C22DC480070EFC7 /* Location.swift */ = {isa = PBXFileReference; lastKnownFileType = sourcecode.swift; path = Location.swift; sourceTree = "<group>"; };
		CA411E7A2C22DCA80070EFC7 /* Weather.swift */ = {isa = PBXFileReference; lastKnownFileType = sourcecode.swift; path = Weather.swift; sourceTree = "<group>"; };
		CA411E7D2C22DD780070EFC7 /* APIEndpoint.swift */ = {isa = PBXFileReference; lastKnownFileType = sourcecode.swift; path = APIEndpoint.swift; sourceTree = "<group>"; };
		CA411E802C22DE1E0070EFC7 /* Constants.swift */ = {isa = PBXFileReference; lastKnownFileType = sourcecode.swift; path = Constants.swift; sourceTree = "<group>"; };
		CA411E822C22E0E60070EFC7 /* Geocoding Client.swift */ = {isa = PBXFileReference; lastKnownFileType = sourcecode.swift; path = "Geocoding Client.swift"; sourceTree = "<group>"; };
		CA411E842C22E3DA0070EFC7 /* KeyConstant.swift */ = {isa = PBXFileReference; lastKnownFileType = sourcecode.swift; path = KeyConstant.swift; sourceTree = "<group>"; };
		CA411E862C22EBB30070EFC7 /* WeatherClient.swift */ = {isa = PBXFileReference; lastKnownFileType = sourcecode.swift; path = WeatherClient.swift; sourceTree = "<group>"; };
		CA411E892C22F0150070EFC7 /* MeasurmentFormatter + Extension.swift */ = {isa = PBXFileReference; lastKnownFileType = sourcecode.swift; path = "MeasurmentFormatter + Extension.swift"; sourceTree = "<group>"; };
/* End PBXFileReference section */

/* Begin PBXFrameworksBuildPhase section */
		CA411E632C22B5090070EFC7 /* Frameworks */ = {
			isa = PBXFrameworksBuildPhase;
			buildActionMask = 2147483647;
			files = (
			);
			runOnlyForDeploymentPostprocessing = 0;
		};
/* End PBXFrameworksBuildPhase section */

/* Begin PBXGroup section */
		CA411E5D2C22B5090070EFC7 = {
			isa = PBXGroup;
			children = (
				CA411E682C22B5090070EFC7 /* AtmosWeather */,
				CA411E672C22B5090070EFC7 /* Products */,
			);
			sourceTree = "<group>";
		};
		CA411E672C22B5090070EFC7 /* Products */ = {
			isa = PBXGroup;
			children = (
				CA411E662C22B5090070EFC7 /* AtmosWeather.app */,
			);
			name = Products;
			sourceTree = "<group>";
		};
		CA411E682C22B5090070EFC7 /* AtmosWeather */ = {
			isa = PBXGroup;
			children = (
				CA411E692C22B5090070EFC7 /* AtmosWeatherApp.swift */,
				CA411E7F2C22DDF10070EFC7 /* Utilities */,
				CA411E7C2C22DD2F0070EFC7 /* Clients */,
				CA411E772C22D80B0070EFC7 /* Models */,
				CA411E6B2C22B5090070EFC7 /* ContentView.swift */,
				CA411E882C22EFF40070EFC7 /* Extension */,
				CA411E6D2C22B50A0070EFC7 /* Assets.xcassets */,
				CA411E6F2C22B50A0070EFC7 /* Preview Content */,
			);
			path = AtmosWeather;
			sourceTree = "<group>";
		};
		CA411E6F2C22B50A0070EFC7 /* Preview Content */ = {
			isa = PBXGroup;
			children = (
				CA411E702C22B50A0070EFC7 /* Preview Assets.xcassets */,
			);
			path = "Preview Content";
			sourceTree = "<group>";
		};
		CA411E772C22D80B0070EFC7 /* Models */ = {
			isa = PBXGroup;
			children = (
				CA411E782C22DC480070EFC7 /* Location.swift */,
				CA411E7A2C22DCA80070EFC7 /* Weather.swift */,
			);
			path = Models;
			sourceTree = "<group>";
		};
		CA411E7C2C22DD2F0070EFC7 /* Clients */ = {
			isa = PBXGroup;
			children = (
				CA411E7D2C22DD780070EFC7 /* APIEndpoint.swift */,
				CA411E822C22E0E60070EFC7 /* Geocoding Client.swift */,
				CA411E862C22EBB30070EFC7 /* WeatherClient.swift */,
			);
			path = Clients;
			sourceTree = "<group>";
		};
		CA411E7F2C22DDF10070EFC7 /* Utilities */ = {
			isa = PBXGroup;
			children = (
				CA411E802C22DE1E0070EFC7 /* Constants.swift */,
				CA411E842C22E3DA0070EFC7 /* KeyConstant.swift */,
			);
			path = Utilities;
			sourceTree = "<group>";
		};
		CA411E882C22EFF40070EFC7 /* Extension */ = {
			isa = PBXGroup;
			children = (
				CA411E892C22F0150070EFC7 /* MeasurmentFormatter + Extension.swift */,
			);
			path = Extension;
			sourceTree = "<group>";
		};
/* End PBXGroup section */

/* Begin PBXNativeTarget section */
		CA411E652C22B5090070EFC7 /* AtmosWeather */ = {
			isa = PBXNativeTarget;
			buildConfigurationList = CA411E742C22B50A0070EFC7 /* Build configuration list for PBXNativeTarget "AtmosWeather" */;
			buildPhases = (
				CA411E622C22B5090070EFC7 /* Sources */,
				CA411E632C22B5090070EFC7 /* Frameworks */,
				CA411E642C22B5090070EFC7 /* Resources */,
			);
			buildRules = (
			);
			dependencies = (
			);
			name = AtmosWeather;
			productName = AtmosWeather;
			productReference = CA411E662C22B5090070EFC7 /* AtmosWeather.app */;
			productType = "com.apple.product-type.application";
		};
/* End PBXNativeTarget section */

/* Begin PBXProject section */
		CA411E5E2C22B5090070EFC7 /* Project object */ = {
			isa = PBXProject;
			attributes = {
				BuildIndependentTargetsInParallel = 1;
				LastSwiftUpdateCheck = 1540;
				LastUpgradeCheck = 1540;
				TargetAttributes = {
					CA411E652C22B5090070EFC7 = {
						CreatedOnToolsVersion = 15.4;
					};
				};
			};
			buildConfigurationList = CA411E612C22B5090070EFC7 /* Build configuration list for PBXProject "AtmosWeather" */;
			compatibilityVersion = "Xcode 14.0";
			developmentRegion = en;
			hasScannedForEncodings = 0;
			knownRegions = (
				en,
				Base,
			);
			mainGroup = CA411E5D2C22B5090070EFC7;
			productRefGroup = CA411E672C22B5090070EFC7 /* Products */;
			projectDirPath = "";
			projectRoot = "";
			targets = (
				CA411E652C22B5090070EFC7 /* AtmosWeather */,
			);
		};
/* End PBXProject section */

/* Begin PBXResourcesBuildPhase section */
		CA411E642C22B5090070EFC7 /* Resources */ = {
			isa = PBXResourcesBuildPhase;
			buildActionMask = 2147483647;
			files = (
				CA411E712C22B50A0070EFC7 /* Preview Assets.xcassets in Resources */,
				CA411E6E2C22B50A0070EFC7 /* Assets.xcassets in Resources */,
			);
			runOnlyForDeploymentPostprocessing = 0;
		};
/* End PBXResourcesBuildPhase section */

/* Begin PBXSourcesBuildPhase section */
		CA411E622C22B5090070EFC7 /* Sources */ = {
			isa = PBXSourcesBuildPhase;
			buildActionMask = 2147483647;
			files = (
				CA411E7B2C22DCA80070EFC7 /* Weather.swift in Sources */,
				CA411E6C2C22B5090070EFC7 /* ContentView.swift in Sources */,
				CA411E872C22EBB30070EFC7 /* WeatherClient.swift in Sources */,
				CA411E832C22E0E60070EFC7 /* Geocoding Client.swift in Sources */,
				CA411E792C22DC480070EFC7 /* Location.swift in Sources */,
				CA411E6A2C22B5090070EFC7 /* AtmosWeatherApp.swift in Sources */,
				CA411E7E2C22DD780070EFC7 /* APIEndpoint.swift in Sources */,
				CA411E812C22DE1E0070EFC7 /* Constants.swift in Sources */,
				CA411E852C22E3DA0070EFC7 /* KeyConstant.swift in Sources */,
				CA411E8A2C22F0150070EFC7 /* MeasurmentFormatter + Extension.swift in Sources */,
			);
			runOnlyForDeploymentPostprocessing = 0;
		};
/* End PBXSourcesBuildPhase section */

/* Begin XCBuildConfiguration section */
		CA411E722C22B50A0070EFC7 /* Debug */ = {
			isa = XCBuildConfiguration;
			buildSettings = {
				ALWAYS_SEARCH_USER_PATHS = NO;
				ASSETCATALOG_COMPILER_GENERATE_SWIFT_ASSET_SYMBOL_EXTENSIONS = YES;
				CLANG_ANALYZER_NONNULL = YES;
				CLANG_ANALYZER_NUMBER_OBJECT_CONVERSION = YES_AGGRESSIVE;
				CLANG_CXX_LANGUAGE_STANDARD = "gnu++20";
				CLANG_ENABLE_MODULES = YES;
				CLANG_ENABLE_OBJC_ARC = YES;
				CLANG_ENABLE_OBJC_WEAK = YES;
				CLANG_WARN_BLOCK_CAPTURE_AUTORELEASING = YES;
				CLANG_WARN_BOOL_CONVERSION = YES;
				CLANG_WARN_COMMA = YES;
				CLANG_WARN_CONSTANT_CONVERSION = YES;
				CLANG_WARN_DEPRECATED_OBJC_IMPLEMENTATIONS = YES;
				CLANG_WARN_DIRECT_OBJC_ISA_USAGE = YES_ERROR;
				CLANG_WARN_DOCUMENTATION_COMMENTS = YES;
				CLANG_WARN_EMPTY_BODY = YES;
				CLANG_WARN_ENUM_CONVERSION = YES;
				CLANG_WARN_INFINITE_RECURSION = YES;
				CLANG_WARN_INT_CONVERSION = YES;
				CLANG_WARN_NON_LITERAL_NULL_CONVERSION = YES;
				CLANG_WARN_OBJC_IMPLICIT_RETAIN_SELF = YES;
				CLANG_WARN_OBJC_LITERAL_CONVERSION = YES;
				CLANG_WARN_OBJC_ROOT_CLASS = YES_ERROR;
				CLANG_WARN_QUOTED_INCLUDE_IN_FRAMEWORK_HEADER = YES;
				CLANG_WARN_RANGE_LOOP_ANALYSIS = YES;
				CLANG_WARN_STRICT_PROTOTYPES = YES;
				CLANG_WARN_SUSPICIOUS_MOVE = YES;
				CLANG_WARN_UNGUARDED_AVAILABILITY = YES_AGGRESSIVE;
				CLANG_WARN_UNREACHABLE_CODE = YES;
				CLANG_WARN__DUPLICATE_METHOD_MATCH = YES;
				COPY_PHASE_STRIP = NO;
				DEBUG_INFORMATION_FORMAT = dwarf;
				ENABLE_STRICT_OBJC_MSGSEND = YES;
				ENABLE_TESTABILITY = YES;
				ENABLE_USER_SCRIPT_SANDBOXING = YES;
				GCC_C_LANGUAGE_STANDARD = gnu17;
				GCC_DYNAMIC_NO_PIC = NO;
				GCC_NO_COMMON_BLOCKS = YES;
				GCC_OPTIMIZATION_LEVEL = 0;
				GCC_PREPROCESSOR_DEFINITIONS = (
					"DEBUG=1",
					"$(inherited)",
				);
				GCC_WARN_64_TO_32_BIT_CONVERSION = YES;
				GCC_WARN_ABOUT_RETURN_TYPE = YES_ERROR;
				GCC_WARN_UNDECLARED_SELECTOR = YES;
				GCC_WARN_UNINITIALIZED_AUTOS = YES_AGGRESSIVE;
				GCC_WARN_UNUSED_FUNCTION = YES;
				GCC_WARN_UNUSED_VARIABLE = YES;
				IPHONEOS_DEPLOYMENT_TARGET = 17.5;
				LOCALIZATION_PREFERS_STRING_CATALOGS = YES;
				MTL_ENABLE_DEBUG_INFO = INCLUDE_SOURCE;
				MTL_FAST_MATH = YES;
				ONLY_ACTIVE_ARCH = YES;
				SDKROOT = iphoneos;
				SWIFT_ACTIVE_COMPILATION_CONDITIONS = "DEBUG $(inherited)";
				SWIFT_OPTIMIZATION_LEVEL = "-Onone";
			};
			name = Debug;
		};
		CA411E732C22B50A0070EFC7 /* Release */ = {
			isa = XCBuildConfiguration;
			buildSettings = {
				ALWAYS_SEARCH_USER_PATHS = NO;
				ASSETCATALOG_COMPILER_GENERATE_SWIFT_ASSET_SYMBOL_EXTENSIONS = YES;
				CLANG_ANALYZER_NONNULL = YES;
				CLANG_ANALYZER_NUMBER_OBJECT_CONVERSION = YES_AGGRESSIVE;
				CLANG_CXX_LANGUAGE_STANDARD = "gnu++20";
				CLANG_ENABLE_MODULES = YES;
				CLANG_ENABLE_OBJC_ARC = YES;
				CLANG_ENABLE_OBJC_WEAK = YES;
				CLANG_WARN_BLOCK_CAPTURE_AUTORELEASING = YES;
				CLANG_WARN_BOOL_CONVERSION = YES;
				CLANG_WARN_COMMA = YES;
				CLANG_WARN_CONSTANT_CONVERSION = YES;
				CLANG_WARN_DEPRECATED_OBJC_IMPLEMENTATIONS = YES;
				CLANG_WARN_DIRECT_OBJC_ISA_USAGE = YES_ERROR;
				CLANG_WARN_DOCUMENTATION_COMMENTS = YES;
				CLANG_WARN_EMPTY_BODY = YES;
				CLANG_WARN_ENUM_CONVERSION = YES;
				CLANG_WARN_INFINITE_RECURSION = YES;
				CLANG_WARN_INT_CONVERSION = YES;
				CLANG_WARN_NON_LITERAL_NULL_CONVERSION = YES;
				CLANG_WARN_OBJC_IMPLICIT_RETAIN_SELF = YES;
				CLANG_WARN_OBJC_LITERAL_CONVERSION = YES;
				CLANG_WARN_OBJC_ROOT_CLASS = YES_ERROR;
				CLANG_WARN_QUOTED_INCLUDE_IN_FRAMEWORK_HEADER = YES;
				CLANG_WARN_RANGE_LOOP_ANALYSIS = YES;
				CLANG_WARN_STRICT_PROTOTYPES = YES;
				CLANG_WARN_SUSPICIOUS_MOVE = YES;
				CLANG_WARN_UNGUARDED_AVAILABILITY = YES_AGGRESSIVE;
				CLANG_WARN_UNREACHABLE_CODE = YES;
				CLANG_WARN__DUPLICATE_METHOD_MATCH = YES;
				COPY_PHASE_STRIP = NO;
				DEBUG_INFORMATION_FORMAT = "dwarf-with-dsym";
				ENABLE_NS_ASSERTIONS = NO;
				ENABLE_STRICT_OBJC_MSGSEND = YES;
				ENABLE_USER_SCRIPT_SANDBOXING = YES;
				GCC_C_LANGUAGE_STANDARD = gnu17;
				GCC_NO_COMMON_BLOCKS = YES;
				GCC_WARN_64_TO_32_BIT_CONVERSION = YES;
				GCC_WARN_ABOUT_RETURN_TYPE = YES_ERROR;
				GCC_WARN_UNDECLARED_SELECTOR = YES;
				GCC_WARN_UNINITIALIZED_AUTOS = YES_AGGRESSIVE;
				GCC_WARN_UNUSED_FUNCTION = YES;
				GCC_WARN_UNUSED_VARIABLE = YES;
				IPHONEOS_DEPLOYMENT_TARGET = 17.5;
				LOCALIZATION_PREFERS_STRING_CATALOGS = YES;
				MTL_ENABLE_DEBUG_INFO = NO;
				MTL_FAST_MATH = YES;
				SDKROOT = iphoneos;
				SWIFT_COMPILATION_MODE = wholemodule;
				VALIDATE_PRODUCT = YES;
			};
			name = Release;
		};
		CA411E752C22B50A0070EFC7 /* Debug */ = {
			isa = XCBuildConfiguration;
			buildSettings = {
				ASSETCATALOG_COMPILER_APPICON_NAME = AppIcon;
				ASSETCATALOG_COMPILER_GLOBAL_ACCENT_COLOR_NAME = AccentColor;
				CODE_SIGN_STYLE = Automatic;
				CURRENT_PROJECT_VERSION = 1;
				DEVELOPMENT_ASSET_PATHS = "\"AtmosWeather/Preview Content\"";
				DEVELOPMENT_TEAM = YU5RM84NC9;
				ENABLE_PREVIEWS = YES;
				GENERATE_INFOPLIST_FILE = YES;
				INFOPLIST_KEY_UIApplicationSceneManifest_Generation = YES;
				INFOPLIST_KEY_UIApplicationSupportsIndirectInputEvents = YES;
				INFOPLIST_KEY_UILaunchScreen_Generation = YES;
				INFOPLIST_KEY_UISupportedInterfaceOrientations_iPad = "UIInterfaceOrientationPortrait UIInterfaceOrientationPortraitUpsideDown UIInterfaceOrientationLandscapeLeft UIInterfaceOrientationLandscapeRight";
				INFOPLIST_KEY_UISupportedInterfaceOrientations_iPhone = "UIInterfaceOrientationPortrait UIInterfaceOrientationLandscapeLeft UIInterfaceOrientationLandscapeRight";
				LD_RUNPATH_SEARCH_PATHS = (
					"$(inherited)",
					"@executable_path/Frameworks",
				);
				MARKETING_VERSION = 1.0;
				PRODUCT_BUNDLE_IDENTIFIER = com.letsgobjones.AtmosWeather;
				PRODUCT_NAME = "$(TARGET_NAME)";
				SWIFT_EMIT_LOC_STRINGS = YES;
				SWIFT_VERSION = 5.0;
				TARGETED_DEVICE_FAMILY = "1,2";
			};
			name = Debug;
		};
		CA411E762C22B50A0070EFC7 /* Release */ = {
			isa = XCBuildConfiguration;
			buildSettings = {
				ASSETCATALOG_COMPILER_APPICON_NAME = AppIcon;
				ASSETCATALOG_COMPILER_GLOBAL_ACCENT_COLOR_NAME = AccentColor;
				CODE_SIGN_STYLE = Automatic;
				CURRENT_PROJECT_VERSION = 1;
				DEVELOPMENT_ASSET_PATHS = "\"AtmosWeather/Preview Content\"";
				DEVELOPMENT_TEAM = YU5RM84NC9;
				ENABLE_PREVIEWS = YES;
				GENERATE_INFOPLIST_FILE = YES;
				INFOPLIST_KEY_UIApplicationSceneManifest_Generation = YES;
				INFOPLIST_KEY_UIApplicationSupportsIndirectInputEvents = YES;
				INFOPLIST_KEY_UILaunchScreen_Generation = YES;
				INFOPLIST_KEY_UISupportedInterfaceOrientations_iPad = "UIInterfaceOrientationPortrait UIInterfaceOrientationPortraitUpsideDown UIInterfaceOrientationLandscapeLeft UIInterfaceOrientationLandscapeRight";
				INFOPLIST_KEY_UISupportedInterfaceOrientations_iPhone = "UIInterfaceOrientationPortrait UIInterfaceOrientationLandscapeLeft UIInterfaceOrientationLandscapeRight";
				LD_RUNPATH_SEARCH_PATHS = (
					"$(inherited)",
					"@executable_path/Frameworks",
				);
				MARKETING_VERSION = 1.0;
				PRODUCT_BUNDLE_IDENTIFIER = com.letsgobjones.AtmosWeather;
				PRODUCT_NAME = "$(TARGET_NAME)";
				SWIFT_EMIT_LOC_STRINGS = YES;
				SWIFT_VERSION = 5.0;
				TARGETED_DEVICE_FAMILY = "1,2";
			};
			name = Release;
		};
/* End XCBuildConfiguration section */

/* Begin XCConfigurationList section */
		CA411E612C22B5090070EFC7 /* Build configuration list for PBXProject "AtmosWeather" */ = {
			isa = XCConfigurationList;
			buildConfigurations = (
				CA411E722C22B50A0070EFC7 /* Debug */,
				CA411E732C22B50A0070EFC7 /* Release */,
			);
			defaultConfigurationIsVisible = 0;
			defaultConfigurationName = Release;
		};
		CA411E742C22B50A0070EFC7 /* Build configuration list for PBXNativeTarget "AtmosWeather" */ = {
			isa = XCConfigurationList;
			buildConfigurations = (
				CA411E752C22B50A0070EFC7 /* Debug */,
				CA411E762C22B50A0070EFC7 /* Release */,
			);
			defaultConfigurationIsVisible = 0;
			defaultConfigurationName = Release;
		};
/* End XCConfigurationList section */
	};
	rootObject = CA411E5E2C22B5090070EFC7 /* Project object */;
}
